
Microsoft Visual Studio Solution File, Format Version 12.00
# Visual Studio Version 16
VisualStudioVersion = 16.0.31019.35
MinimumVisualStudioVersion = 10.0.40219.1
Project("{9A19103F-16F7-4668-BE54-9A1E7A4F7556}") = "Test", "Test\Test.csproj", "{A91DB915-F41C-4F7C-9609-CAAAA00147D4}"
EndProject
Project("{2150E333-8FDC-42A3-9474-1A3956D46DE8}") = "Solution Items", "Solution Items", "{2E561B66-AD9C-4C33-AC1D-5D60B7FB1677}"
	ProjectSection(SolutionItems) = preProject
		.gitignore = .gitignore
		CONTRIBUTING.md = CONTRIBUTING.md
		LICENSE.md = LICENSE.md
		README.md = README.md
	EndProjectSection
EndProject
Project("{9A19103F-16F7-4668-BE54-9A1E7A4F7556}") = "ExampleConsole", "ExampleConsole\ExampleConsole.csproj", "{D9D57782-3C2A-4573-89C2-89EDC9B65176}"
EndProject
Project("{9A19103F-16F7-4668-BE54-9A1E7A4F7556}") = "Core", "Core\Core.csproj", "{A884D4E8-AE25-4165-B51F-C14D10E4ED30}"
EndProject
Project("{9A19103F-16F7-4668-BE54-9A1E7A4F7556}") = "ApiServerless", "ApiServerless\ApiServerless.csproj", "{D0B5B6BB-A6F0-4977-A6E2-A18BEF8956BB}"
EndProject
Project("{9A19103F-16F7-4668-BE54-9A1E7A4F7556}") = "Api", "Api\Api.csproj", "{ACCAE803-2C68-42E5-8A4F-19CB6917FE57}"
EndProject
Global
	GlobalSection(SolutionConfigurationPlatforms) = preSolution
		Debug|Any CPU = Debug|Any CPU
		Release|Any CPU = Release|Any CPU
	EndGlobalSection
	GlobalSection(ProjectConfigurationPlatforms) = postSolution
		{AADCCDCE-ADB1-4993-B85D-A4C9D376C887}.Debug|Any CPU.ActiveCfg = Debug|Any CPU
		{AADCCDCE-ADB1-4993-B85D-A4C9D376C887}.Debug|Any CPU.Build.0 = Debug|Any CPU
		{AADCCDCE-ADB1-4993-B85D-A4C9D376C887}.Release|Any CPU.ActiveCfg = Release|Any CPU
		{AADCCDCE-ADB1-4993-B85D-A4C9D376C887}.Release|Any CPU.Build.0 = Release|Any CPU
		{A91DB915-F41C-4F7C-9609-CAAAA00147D4}.Debug|Any CPU.ActiveCfg = Debug|Any CPU
		{A91DB915-F41C-4F7C-9609-CAAAA00147D4}.Debug|Any CPU.Build.0 = Debug|Any CPU
		{A91DB915-F41C-4F7C-9609-CAAAA00147D4}.Release|Any CPU.ActiveCfg = Release|Any CPU
		{A91DB915-F41C-4F7C-9609-CAAAA00147D4}.Release|Any CPU.Build.0 = Release|Any CPU
		{D21EA485-F09D-460E-97BB-B21EDEEEDF53}.Debug|Any CPU.ActiveCfg = Debug|Any CPU
		{D21EA485-F09D-460E-97BB-B21EDEEEDF53}.Debug|Any CPU.Build.0 = Debug|Any CPU
		{D21EA485-F09D-460E-97BB-B21EDEEEDF53}.Release|Any CPU.ActiveCfg = Release|Any CPU
		{D21EA485-F09D-460E-97BB-B21EDEEEDF53}.Release|Any CPU.Build.0 = Release|Any CPU
		{D9D57782-3C2A-4573-89C2-89EDC9B65176}.Debug|Any CPU.ActiveCfg = Debug|Any CPU
		{D9D57782-3C2A-4573-89C2-89EDC9B65176}.Debug|Any CPU.Build.0 = Debug|Any CPU
		{D9D57782-3C2A-4573-89C2-89EDC9B65176}.Release|Any CPU.ActiveCfg = Release|Any CPU
		{D9D57782-3C2A-4573-89C2-89EDC9B65176}.Release|Any CPU.Build.0 = Release|Any CPU
		{A884D4E8-AE25-4165-B51F-C14D10E4ED30}.Debug|Any CPU.ActiveCfg = Debug|Any CPU
		{A884D4E8-AE25-4165-B51F-C14D10E4ED30}.Debug|Any CPU.Build.0 = Debug|Any CPU
		{A884D4E8-AE25-4165-B51F-C14D10E4ED30}.Release|Any CPU.ActiveCfg = Release|Any CPU
		{A884D4E8-AE25-4165-B51F-C14D10E4ED30}.Release|Any CPU.Build.0 = Release|Any CPU
		{F4D0176D-422A-45F0-BFBE-31C4FBD68D65}.Debug|Any CPU.ActiveCfg = Debug|Any CPU
		{F4D0176D-422A-45F0-BFBE-31C4FBD68D65}.Debug|Any CPU.Build.0 = Debug|Any CPU
		{F4D0176D-422A-45F0-BFBE-31C4FBD68D65}.Release|Any CPU.ActiveCfg = Release|Any CPU
		{F4D0176D-422A-45F0-BFBE-31C4FBD68D65}.Release|Any CPU.Build.0 = Release|Any CPU
		{D0B5B6BB-A6F0-4977-A6E2-A18BEF8956BB}.Debug|Any CPU.ActiveCfg = Debug|Any CPU
		{D0B5B6BB-A6F0-4977-A6E2-A18BEF8956BB}.Debug|Any CPU.Build.0 = Debug|Any CPU
		{D0B5B6BB-A6F0-4977-A6E2-A18BEF8956BB}.Release|Any CPU.ActiveCfg = Release|Any CPU
		{D0B5B6BB-A6F0-4977-A6E2-A18BEF8956BB}.Release|Any CPU.Build.0 = Release|Any CPU
		{ACCAE803-2C68-42E5-8A4F-19CB6917FE57}.Debug|Any CPU.ActiveCfg = Debug|Any CPU
		{ACCAE803-2C68-42E5-8A4F-19CB6917FE57}.Debug|Any CPU.Build.0 = Debug|Any CPU
		{ACCAE803-2C68-42E5-8A4F-19CB6917FE57}.Release|Any CPU.ActiveCfg = Release|Any CPU
		{ACCAE803-2C68-42E5-8A4F-19CB6917FE57}.Release|Any CPU.Build.0 = Release|Any CPU
	EndGlobalSection
	GlobalSection(SolutionProperties) = preSolution
		HideSolutionNode = FALSE
	EndGlobalSection
	GlobalSection(ExtensibilityGlobals) = postSolution
		SolutionGuid = {B889ACB9-5860-4919-A8AB-77B19BF86A6C}
	EndGlobalSection
EndGlobal
